// !$*UTF8*$!
{
	archiveVersion = 1;
	classes = {
	};
	objectVersion = 46;
	objects = {

/* Begin PBXBuildFile section */
		0D1D0EB626DA03C6009757B6 /* StackView.swift in Sources */ = {isa = PBXBuildFile; fileRef = 0D1D0EB526DA03C6009757B6 /* StackView.swift */; };
		0D1D0EB826DA048B009757B6 /* InitView.swift in Sources */ = {isa = PBXBuildFile; fileRef = 0D1D0EB726DA048B009757B6 /* InitView.swift */; };
		0D1D0EBA26DA0F25009757B6 /* StackCompose.swift in Sources */ = {isa = PBXBuildFile; fileRef = 0D1D0EB926DA0F25009757B6 /* StackCompose.swift */; };
		0D1D0EBC26DA15C6009757B6 /* OverlayView.swift in Sources */ = {isa = PBXBuildFile; fileRef = 0D1D0EBB26DA15C6009757B6 /* OverlayView.swift */; };
		9CB2D0D749CFC2DAF9D69681 /* Assets.xcassets in Resources */ = {isa = PBXBuildFile; fileRef = 9CB2D0AB15603EFFB6963624 /* Assets.xcassets */; };
		9CB2D141713197BF6A2E6D0B /* Preview Assets.xcassets in Resources */ = {isa = PBXBuildFile; fileRef = 9CB2DEC689D0E039EB2A9ECA /* Preview Assets.xcassets */; };
		9CB2DE51F152B982C5833CED /* HelloSwiftApp.swift in Sources */ = {isa = PBXBuildFile; fileRef = 9CB2D8A57D8EF20BF91093B8 /* HelloSwiftApp.swift */; };
		9CB2DF5FAE14C87E8A5C858C /* SimbolView.swift in Sources */ = {isa = PBXBuildFile; fileRef = 9CB2D2B2A326E613AB97D8B7 /* SimbolView.swift */; };
/* End PBXBuildFile section */

/* Begin PBXFileReference section */
		0D1D0EB526DA03C6009757B6 /* StackView.swift */ = {isa = PBXFileReference; lastKnownFileType = sourcecode.swift; name = StackView.swift; path = ../../../SwiftUI/HelloSwift/HelloSwift/StackView.swift; sourceTree = "<group>"; };
		0D1D0EB726DA048B009757B6 /* InitView.swift */ = {isa = PBXFileReference; lastKnownFileType = sourcecode.swift; name = InitView.swift; path = ../../../SwiftUI/HelloSwift/HelloSwift/InitView.swift; sourceTree = "<group>"; };
		0D1D0EB926DA0F25009757B6 /* StackCompose.swift */ = {isa = PBXFileReference; lastKnownFileType = sourcecode.swift; path = StackCompose.swift; sourceTree = "<group>"; };
		0D1D0EBB26DA15C6009757B6 /* OverlayView.swift */ = {isa = PBXFileReference; fileEncoding = 4; lastKnownFileType = sourcecode.swift; name = OverlayView.swift; path = ../../../SwiftUI/HelloSwift/HelloSwift/OverlayView.swift; sourceTree = "<group>"; };
		9CB2D0AB15603EFFB6963624 /* Assets.xcassets */ = {isa = PBXFileReference; lastKnownFileType = folder.assetcatalog; path = Assets.xcassets; sourceTree = "<group>"; };
		9CB2D2B2A326E613AB97D8B7 /* SimbolView.swift */ = {isa = PBXFileReference; lastKnownFileType = sourcecode.swift; path = SimbolView.swift; sourceTree = "<group>"; };
		9CB2D5C6514E928A5B6D226B /* Info.plist */ = {isa = PBXFileReference; lastKnownFileType = text.plist.info; path = Info.plist; sourceTree = "<group>"; };
		9CB2D5D2E7311721B775447F /* HelloSwift.app */ = {isa = PBXFileReference; explicitFileType = wrapper.application; includeInIndex = 0; path = HelloSwift.app; sourceTree = BUILT_PRODUCTS_DIR; };
		9CB2D8A57D8EF20BF91093B8 /* HelloSwiftApp.swift */ = {isa = PBXFileReference; lastKnownFileType = sourcecode.swift; path = HelloSwiftApp.swift; sourceTree = "<group>"; };
		9CB2DEC689D0E039EB2A9ECA /* Preview Assets.xcassets */ = {isa = PBXFileReference; lastKnownFileType = folder.assetcatalog; path = "Preview Assets.xcassets"; sourceTree = "<group>"; };
/* End PBXFileReference section */

/* Begin PBXFrameworksBuildPhase section */
		9CB2D520C2DC033A017547D1 /* Frameworks */ = {
			isa = PBXFrameworksBuildPhase;
			buildActionMask = 2147483647;
			files = (
			);
			runOnlyForDeploymentPostprocessing = 0;
		};
/* End PBXFrameworksBuildPhase section */

/* Begin PBXGroup section */
		9CB2D23AFA6D68F60FAE6FED /* HelloSwift */ = {
			isa = PBXGroup;
			children = (
				9CB2D5C6514E928A5B6D226B /* Info.plist */,
				9CB2D0AB15603EFFB6963624 /* Assets.xcassets */,
				9CB2D763AEE2F4B9B85501A8 /* Preview Content */,
				9CB2D8A57D8EF20BF91093B8 /* HelloSwiftApp.swift */,
				9CB2D2B2A326E613AB97D8B7 /* SimbolView.swift */,
				0D1D0EB526DA03C6009757B6 /* StackView.swift */,
				0D1D0EB926DA0F25009757B6 /* StackCompose.swift */,
				0D1D0EB726DA048B009757B6 /* InitView.swift */,
				0D1D0EBB26DA15C6009757B6 /* OverlayView.swift */,
			);
			path = HelloSwift;
			sourceTree = "<group>";
		};
		9CB2D4201A114E682BA1BDC9 /* Products */ = {
			isa = PBXGroup;
			children = (
				9CB2D5D2E7311721B775447F /* HelloSwift.app */,
			);
			name = Products;
			sourceTree = "<group>";
		};
		9CB2D71564E1E9F39B5F3B3B = {
			isa = PBXGroup;
			children = (
				9CB2D4201A114E682BA1BDC9 /* Products */,
				9CB2D23AFA6D68F60FAE6FED /* HelloSwift */,
			);
			sourceTree = "<group>";
		};
		9CB2D763AEE2F4B9B85501A8 /* Preview Content */ = {
			isa = PBXGroup;
			children = (
				9CB2DEC689D0E039EB2A9ECA /* Preview Assets.xcassets */,
			);
			path = "Preview Content";
			sourceTree = "<group>";
		};
/* End PBXGroup section */

/* Begin PBXNativeTarget section */
		9CB2D0557E2D06243BFC3323 /* HelloSwift */ = {
			isa = PBXNativeTarget;
			buildConfigurationList = 9CB2D29E9D2D6925136B4C85 /* Build configuration list for PBXNativeTarget "HelloSwift" */;
			buildPhases = (
				9CB2D37FC66DE0F5158CE535 /* Sources */,
				9CB2D520C2DC033A017547D1 /* Frameworks */,
				9CB2DA1E97AD3D9EF1EFE2A6 /* Resources */,
			);
			buildRules = (
			);
			dependencies = (
			);
			name = HelloSwift;
			productName = HelloSwift;
			productReference = 9CB2D5D2E7311721B775447F /* HelloSwift.app */;
			productType = "com.apple.product-type.application";
		};
/* End PBXNativeTarget section */

/* Begin PBXProject section */
		9CB2DE44F7357DC42F197D9A /* Project object */ = {
			isa = PBXProject;
			attributes = {
			};
			buildConfigurationList = 9CB2D09844C41A36D707B151 /* Build configuration list for PBXProject "HelloSwift" */;
			compatibilityVersion = "Xcode 3.2";
			developmentRegion = English;
			hasScannedForEncodings = 0;
			knownRegions = (
				English,
				en,
			);
			mainGroup = 9CB2D71564E1E9F39B5F3B3B;
			productRefGroup = 9CB2D4201A114E682BA1BDC9 /* Products */;
			projectDirPath = "";
			projectRoot = "";
			targets = (
				9CB2D0557E2D06243BFC3323 /* HelloSwift */,
			);
		};
/* End PBXProject section */

/* Begin PBXResourcesBuildPhase section */
		9CB2DA1E97AD3D9EF1EFE2A6 /* Resources */ = {
			isa = PBXResourcesBuildPhase;
			buildActionMask = 2147483647;
			files = (
				9CB2D0D749CFC2DAF9D69681 /* Assets.xcassets in Resources */,
				9CB2D141713197BF6A2E6D0B /* Preview Assets.xcassets in Resources */,
			);
			runOnlyForDeploymentPostprocessing = 0;
		};
/* End PBXResourcesBuildPhase section */

/* Begin PBXSourcesBuildPhase section */
		9CB2D37FC66DE0F5158CE535 /* Sources */ = {
			isa = PBXSourcesBuildPhase;
			buildActionMask = 2147483647;
			files = (
				0D1D0EB826DA048B009757B6 /* InitView.swift in Sources */,
				9CB2DE51F152B982C5833CED /* HelloSwiftApp.swift in Sources */,
				9CB2DF5FAE14C87E8A5C858C /* SimbolView.swift in Sources */,
				0D1D0EBA26DA0F25009757B6 /* StackCompose.swift in Sources */,
				0D1D0EB626DA03C6009757B6 /* StackView.swift in Sources */,
				0D1D0EBC26DA15C6009757B6 /* OverlayView.swift in Sources */,
			);
			runOnlyForDeploymentPostprocessing = 0;
		};
/* End PBXSourcesBuildPhase section */

/* Begin XCBuildConfiguration section */
		9CB2D232D57E22969F7257E9 /* Debug */ = {
			isa = XCBuildConfiguration;
			buildSettings = {
				ASSETCATALOG_COMPILER_APPICON_NAME = AppIcon;
				ASSETCATALOG_COMPILER_GLOBAL_ACCENT_COLOR_NAME = AccentColor;
				DEVELOPMENT_ASSET_PATHS = "\"HelloSwift/Preview Content\"";
				ENABLE_BITCODE = NO;
				ENABLE_PREVIEWS = YES;
				INFOPLIST_FILE = HelloSwift/Info.plist;
				IPHONEOS_DEPLOYMENT_TARGET = 14.0;
				LD_RUNPATH_SEARCH_PATHS = "$(inherited) @executable_path/Frameworks";
				OTHER_LDFLAGS = (
					"-Xlinker",
					"-interposable",
					"-Xlinker",
					"-undefined",
					"-Xlinker",
					dynamic_lookup,
				);
				PRODUCT_BUNDLE_IDENTIFIER = kr.pe.bigzero.HelloSwift;
				PRODUCT_NAME = "$(TARGET_NAME)";
				SWIFT_VERSION = 5.0;
				TARGETED_DEVICE_FAMILY = "1,2";
			};
			name = Debug;
		};
		9CB2D6C4FA25AEE7AE61F39F /* Release */ = {
			isa = XCBuildConfiguration;
			buildSettings = {
				ALWAYS_SEARCH_USER_PATHS = NO;
				CLANG_ANALYZER_NONNULL = YES;
				CLANG_ANALYZER_NUMBER_OBJECT_CONVERSION = YES_AGGRESSIVE;
				CLANG_CXX_LANGUAGE_STANDARD = "gnu++14";
				CLANG_CXX_LIBRARY = "libc++";
				CLANG_ENABLE_MODULES = YES;
				CLANG_ENABLE_OBJC_ARC = YES;
				CLANG_ENABLE_OBJC_WEAK = YES;
				CLANG_WARN_BLOCK_CAPTURE_AUTORELEASING = YES;
				CLANG_WARN_BOOL_CONVERSION = YES;
				CLANG_WARN_COMMA = YES;
				CLANG_WARN_CONSTANT_CONVERSION = YES;
				CLANG_WARN_DEPRECATED_OBJC_IMPLEMENTATIONS = YES;
				CLANG_WARN_DIRECT_OBJC_ISA_USAGE = YES_ERROR;
				CLANG_WARN_DOCUMENTATION_COMMENTS = YES;
				CLANG_WARN_EMPTY_BODY = YES;
				CLANG_WARN_ENUM_CONVERSION = YES;
				CLANG_WARN_INFINITE_RECURSION = YES;
				CLANG_WARN_INT_CONVERSION = YES;
				CLANG_WARN_NON_LITERAL_NULL_CONVERSION = YES;
				CLANG_WARN_OBJC_IMPLICIT_RETAIN_SELF = YES;
				CLANG_WARN_OBJC_LITERAL_CONVERSION = YES;
				CLANG_WARN_OBJC_ROOT_CLASS = YES_ERROR;
				CLANG_WARN_QUOTED_INCLUDE_IN_FRAMEWORK_HEADER = YES;
				CLANG_WARN_RANGE_LOOP_ANALYSIS = YES;
				CLANG_WARN_STRICT_PROTOTYPES = YES;
				CLANG_WARN_SUSPICIOUS_MOVE = YES;
				CLANG_WARN_UNGUARDED_AVAILABILITY = YES_AGGRESSIVE;
				CLANG_WARN_UNREACHABLE_CODE = YES;
				CLANG_WARN__DUPLICATE_METHOD_MATCH = YES;
				COPY_PHASE_STRIP = NO;
				DEBUG_INFORMATION_FORMAT = "dwarf-with-dsym";
				ENABLE_NS_ASSERTIONS = NO;
				ENABLE_STRICT_OBJC_MSGSEND = YES;
				GCC_C_LANGUAGE_STANDARD = gnu11;
				GCC_NO_COMMON_BLOCKS = YES;
				GCC_WARN_64_TO_32_BIT_CONVERSION = YES;
				GCC_WARN_ABOUT_RETURN_TYPE = YES_ERROR;
				GCC_WARN_UNDECLARED_SELECTOR = YES;
				GCC_WARN_UNINITIALIZED_AUTOS = YES_AGGRESSIVE;
				GCC_WARN_UNUSED_FUNCTION = YES;
				GCC_WARN_UNUSED_VARIABLE = YES;
				IPHONEOS_DEPLOYMENT_TARGET = 14.5;
				MTL_ENABLE_DEBUG_INFO = NO;
				MTL_FAST_MATH = YES;
				SDKROOT = iphoneos;
				SWIFT_OPTIMIZATION_LEVEL = "-Owholemodule";
				VALIDATE_PRODUCT = YES;
			};
			name = Release;
		};
		9CB2D7400CE0BD3213D9E9C3 /* Release */ = {
			isa = XCBuildConfiguration;
			buildSettings = {
				ASSETCATALOG_COMPILER_APPICON_NAME = AppIcon;
				ASSETCATALOG_COMPILER_GLOBAL_ACCENT_COLOR_NAME = AccentColor;
				DEVELOPMENT_ASSET_PATHS = "\"HelloSwift/Preview Content\"";
				ENABLE_PREVIEWS = YES;
				INFOPLIST_FILE = HelloSwift/Info.plist;
				IPHONEOS_DEPLOYMENT_TARGET = 14.0;
				LD_RUNPATH_SEARCH_PATHS = "$(inherited) @executable_path/Frameworks";
				PRODUCT_BUNDLE_IDENTIFIER = kr.pe.bigzero.HelloSwift;
				PRODUCT_NAME = "$(TARGET_NAME)";
				SWIFT_VERSION = 5.0;
				TARGETED_DEVICE_FAMILY = "1,2";
			};
			name = Release;
		};
		9CB2D80952506F415A1DF97B /* Debug */ = {
			isa = XCBuildConfiguration;
			buildSettings = {
				ALWAYS_SEARCH_USER_PATHS = NO;
				CLANG_ANALYZER_NONNULL = YES;
				CLANG_ANALYZER_NUMBER_OBJECT_CONVERSION = YES_AGGRESSIVE;
				CLANG_CXX_LANGUAGE_STANDARD = "gnu++14";
				CLANG_CXX_LIBRARY = "libc++";
				CLANG_ENABLE_MODULES = YES;
				CLANG_ENABLE_OBJC_ARC = YES;
				CLANG_ENABLE_OBJC_WEAK = YES;
				CLANG_WARN_BLOCK_CAPTURE_AUTORELEASING = YES;
				CLANG_WARN_BOOL_CONVERSION = YES;
				CLANG_WARN_COMMA = YES;
				CLANG_WARN_CONSTANT_CONVERSION = YES;
				CLANG_WARN_DEPRECATED_OBJC_IMPLEMENTATIONS = YES;
				CLANG_WARN_DIRECT_OBJC_ISA_USAGE = YES_ERROR;
				CLANG_WARN_DOCUMENTATION_COMMENTS = YES;
				CLANG_WARN_EMPTY_BODY = YES;
				CLANG_WARN_ENUM_CONVERSION = YES;
				CLANG_WARN_INFINITE_RECURSION = YES;
				CLANG_WARN_INT_CONVERSION = YES;
				CLANG_WARN_NON_LITERAL_NULL_CONVERSION = YES;
				CLANG_WARN_OBJC_IMPLICIT_RETAIN_SELF = YES;
				CLANG_WARN_OBJC_LITERAL_CONVERSION = YES;
				CLANG_WARN_OBJC_ROOT_CLASS = YES_ERROR;
				CLANG_WARN_QUOTED_INCLUDE_IN_FRAMEWORK_HEADER = YES;
				CLANG_WARN_RANGE_LOOP_ANALYSIS = YES;
				CLANG_WARN_STRICT_PROTOTYPES = YES;
				CLANG_WARN_SUSPICIOUS_MOVE = YES;
				CLANG_WARN_UNGUARDED_AVAILABILITY = YES_AGGRESSIVE;
				CLANG_WARN_UNREACHABLE_CODE = YES;
				CLANG_WARN__DUPLICATE_METHOD_MATCH = YES;
				COPY_PHASE_STRIP = NO;
				DEBUG_INFORMATION_FORMAT = dwarf;
				ENABLE_BITCODE = NO;
				ENABLE_STRICT_OBJC_MSGSEND = YES;
				ENABLE_TESTABILITY = YES;
				GCC_C_LANGUAGE_STANDARD = gnu11;
				GCC_DYNAMIC_NO_PIC = NO;
				GCC_NO_COMMON_BLOCKS = YES;
				GCC_OPTIMIZATION_LEVEL = 0;
				GCC_PREPROCESSOR_DEFINITIONS = (
					"DEBUG=1",
					"$(inherited)",
				);
				GCC_WARN_64_TO_32_BIT_CONVERSION = YES;
				GCC_WARN_ABOUT_RETURN_TYPE = YES_ERROR;
				GCC_WARN_UNDECLARED_SELECTOR = YES;
				GCC_WARN_UNINITIALIZED_AUTOS = YES_AGGRESSIVE;
				GCC_WARN_UNUSED_FUNCTION = YES;
				GCC_WARN_UNUSED_VARIABLE = YES;
				IPHONEOS_DEPLOYMENT_TARGET = 14.5;
				MTL_ENABLE_DEBUG_INFO = INCLUDE_SOURCE;
				MTL_FAST_MATH = YES;
				ONLY_ACTIVE_ARCH = YES;
				OTHER_LDFLAGS = (
					"-Xlinker",
					"-interposable",
				);
				SDKROOT = iphoneos;
				SWIFT_ACTIVE_COMPILATION_CONDITIONS = DEBUG;
				SWIFT_OPTIMIZATION_LEVEL = "-Onone";
			};
			name = Debug;
		};
/* End XCBuildConfiguration section */

/* Begin XCConfigurationList section */
		9CB2D09844C41A36D707B151 /* Build configuration list for PBXProject "HelloSwift" */ = {
			isa = XCConfigurationList;
			buildConfigurations = (
				9CB2D80952506F415A1DF97B /* Debug */,
				9CB2D6C4FA25AEE7AE61F39F /* Release */,
			);
			defaultConfigurationIsVisible = 0;
			defaultConfigurationName = Release;
		};
		9CB2D29E9D2D6925136B4C85 /* Build configuration list for PBXNativeTarget "HelloSwift" */ = {
			isa = XCConfigurationList;
			buildConfigurations = (
				9CB2D232D57E22969F7257E9 /* Debug */,
				9CB2D7400CE0BD3213D9E9C3 /* Release */,
			);
			defaultConfigurationIsVisible = 0;
			defaultConfigurationName = Release;
		};
/* End XCConfigurationList section */
	};
	rootObject = 9CB2DE44F7357DC42F197D9A /* Project object */;
}
